
Microsoft Visual Studio Solution File, Format Version 12.00
# Visual Studio Version 17
VisualStudioVersion = 17.5.33502.453
MinimumVisualStudioVersion = 10.0.40219.1
Project("{FAE04EC0-301F-11D3-BF4B-00C04F79EFBC}") = "Lab02", "Lab02\Lab02.csproj", "{43520CBA-A086-4642-9E07-F46AC3B83548}"
EndProject
Global
	GlobalSection(SolutionConfigurationPlatforms) = preSolution
		Debug|Any CPU = Debug|Any CPU
		Release|Any CPU = Release|Any CPU
	EndGlobalSection
	GlobalSection(ProjectConfigurationPlatforms) = postSolution
		{43520CBA-A086-4642-9E07-F46AC3B83548}.Debug|Any CPU.ActiveCfg = Debug|Any CPU
		{43520CBA-A086-4642-9E07-F46AC3B83548}.Debug|Any CPU.Build.0 = Debug|Any CPU
		{43520CBA-A086-4642-9E07-F46AC3B83548}.Release|Any CPU.ActiveCfg = Release|Any CPU
		{43520CBA-A086-4642-9E07-F46AC3B83548}.Release|Any CPU.Build.0 = Release|Any CPU
	EndGlobalSection
	GlobalSection(SolutionProperties) = preSolution
		HideSolutionNode = FALSE
	EndGlobalSection
	GlobalSection(ExtensibilityGlobals) = postSolution
		SolutionGuid = {3AA26E05-F515-4E6E-84F0-5F7FC51399B2}
	EndGlobalSection
EndGlobal
